
Microsoft Visual Studio Solution File, Format Version 12.00
# Visual Studio Version 16
VisualStudioVersion = 16.0.31424.327
MinimumVisualStudioVersion = 10.0.40219.1
Project("{FAE04EC0-301F-11D3-BF4B-00C04F79EFBC}") = "ejemplo1Guia2", "ejemplo1Guia2\ejemplo1Guia2.csproj", "{6FAB3C58-D30C-4C86-B5AD-BC9A1691E19E}"
EndProject
Global
	GlobalSection(SolutionConfigurationPlatforms) = preSolution
		Debug|Any CPU = Debug|Any CPU
		Release|Any CPU = Release|Any CPU
	EndGlobalSection
	GlobalSection(ProjectConfigurationPlatforms) = postSolution
		{6FAB3C58-D30C-4C86-B5AD-BC9A1691E19E}.Debug|Any CPU.ActiveCfg = Debug|Any CPU
		{6FAB3C58-D30C-4C86-B5AD-BC9A1691E19E}.Debug|Any CPU.Build.0 = Debug|Any CPU
		{6FAB3C58-D30C-4C86-B5AD-BC9A1691E19E}.Release|Any CPU.ActiveCfg = Release|Any CPU
		{6FAB3C58-D30C-4C86-B5AD-BC9A1691E19E}.Release|Any CPU.Build.0 = Release|Any CPU
	EndGlobalSection
	GlobalSection(SolutionProperties) = preSolution
		HideSolutionNode = FALSE
	EndGlobalSection
	GlobalSection(ExtensibilityGlobals) = postSolution
		SolutionGuid = {081AA148-0C57-4AEC-A584-2844EA72833F}
	EndGlobalSection
EndGlobal
