
Microsoft Visual Studio Solution File, Format Version 12.00
# Visual Studio Version 16
VisualStudioVersion = 16.0.31424.327
MinimumVisualStudioVersion = 10.0.40219.1
Project("{FAE04EC0-301F-11D3-BF4B-00C04F79EFBC}") = "ejercicio3Guia2", "ejercicio3Guia2\ejercicio3Guia2.csproj", "{3752ADBD-D94F-463B-80A6-370ECDF652FF}"
EndProject
Global
	GlobalSection(SolutionConfigurationPlatforms) = preSolution
		Debug|Any CPU = Debug|Any CPU
		Release|Any CPU = Release|Any CPU
	EndGlobalSection
	GlobalSection(ProjectConfigurationPlatforms) = postSolution
		{3752ADBD-D94F-463B-80A6-370ECDF652FF}.Debug|Any CPU.ActiveCfg = Debug|Any CPU
		{3752ADBD-D94F-463B-80A6-370ECDF652FF}.Debug|Any CPU.Build.0 = Debug|Any CPU
		{3752ADBD-D94F-463B-80A6-370ECDF652FF}.Release|Any CPU.ActiveCfg = Release|Any CPU
		{3752ADBD-D94F-463B-80A6-370ECDF652FF}.Release|Any CPU.Build.0 = Release|Any CPU
	EndGlobalSection
	GlobalSection(SolutionProperties) = preSolution
		HideSolutionNode = FALSE
	EndGlobalSection
	GlobalSection(ExtensibilityGlobals) = postSolution
		SolutionGuid = {B239DBC6-ADB7-4976-8F91-7E67FDDD4453}
	EndGlobalSection
EndGlobal
