
Microsoft Visual Studio Solution File, Format Version 12.00
# Visual Studio Version 16
VisualStudioVersion = 16.0.31424.327
MinimumVisualStudioVersion = 10.0.40219.1
Project("{FAE04EC0-301F-11D3-BF4B-00C04F79EFBC}") = "ejercicio2Guia2", "ejercicio2Guia2\ejercicio2Guia2.csproj", "{BB86E30A-3617-4555-B330-31D6CDAC9EA4}"
EndProject
Global
	GlobalSection(SolutionConfigurationPlatforms) = preSolution
		Debug|Any CPU = Debug|Any CPU
		Release|Any CPU = Release|Any CPU
	EndGlobalSection
	GlobalSection(ProjectConfigurationPlatforms) = postSolution
		{BB86E30A-3617-4555-B330-31D6CDAC9EA4}.Debug|Any CPU.ActiveCfg = Debug|Any CPU
		{BB86E30A-3617-4555-B330-31D6CDAC9EA4}.Debug|Any CPU.Build.0 = Debug|Any CPU
		{BB86E30A-3617-4555-B330-31D6CDAC9EA4}.Release|Any CPU.ActiveCfg = Release|Any CPU
		{BB86E30A-3617-4555-B330-31D6CDAC9EA4}.Release|Any CPU.Build.0 = Release|Any CPU
	EndGlobalSection
	GlobalSection(SolutionProperties) = preSolution
		HideSolutionNode = FALSE
	EndGlobalSection
	GlobalSection(ExtensibilityGlobals) = postSolution
		SolutionGuid = {2165FD09-8548-4F8E-B56C-5455022DD838}
	EndGlobalSection
EndGlobal
